
Microsoft Visual Studio Solution File, Format Version 12.00
# Visual Studio Version 17
VisualStudioVersion = 17.4.33213.308
MinimumVisualStudioVersion = 10.0.40219.1
Project("{FAE04EC0-301F-11D3-BF4B-00C04F79EFBC}") = "WebApplication1", "WebApplication1\WebApplication1.csproj", "{AAAE2CF5-3FA5-4EAC-9732-46C7A2D715E0}"
EndProject
Global
	GlobalSection(SolutionConfigurationPlatforms) = preSolution
		Debug|Any CPU = Debug|Any CPU
		Release|Any CPU = Release|Any CPU
	EndGlobalSection
	GlobalSection(ProjectConfigurationPlatforms) = postSolution
		{AAAE2CF5-3FA5-4EAC-9732-46C7A2D715E0}.Debug|Any CPU.ActiveCfg = Debug|Any CPU
		{AAAE2CF5-3FA5-4EAC-9732-46C7A2D715E0}.Debug|Any CPU.Build.0 = Debug|Any CPU
		{AAAE2CF5-3FA5-4EAC-9732-46C7A2D715E0}.Release|Any CPU.ActiveCfg = Release|Any CPU
		{AAAE2CF5-3FA5-4EAC-9732-46C7A2D715E0}.Release|Any CPU.Build.0 = Release|Any CPU
	EndGlobalSection
	GlobalSection(SolutionProperties) = preSolution
		HideSolutionNode = FALSE
	EndGlobalSection
	GlobalSection(ExtensibilityGlobals) = postSolution
		SolutionGuid = {FACB02B8-3652-4470-BBEF-DEF9B1A1A674}
	EndGlobalSection
EndGlobal
