
Microsoft Visual Studio Solution File, Format Version 12.00
# Visual Studio Version 17
VisualStudioVersion = 17.5.33424.131
MinimumVisualStudioVersion = 10.0.40219.1
Project("{FAE04EC0-301F-11D3-BF4B-00C04F79EFBC}") = "R52_M10_Class_0_Work_01", "R52_M10_Class_0_Work_01\R52_M10_Class_0_Work_01.csproj", "{74EA3250-22CD-47A8-B57C-E8EE5A0D0A7A}"
EndProject
Global
	GlobalSection(SolutionConfigurationPlatforms) = preSolution
		Debug|Any CPU = Debug|Any CPU
		Release|Any CPU = Release|Any CPU
	EndGlobalSection
	GlobalSection(ProjectConfigurationPlatforms) = postSolution
		{74EA3250-22CD-47A8-B57C-E8EE5A0D0A7A}.Debug|Any CPU.ActiveCfg = Debug|Any CPU
		{74EA3250-22CD-47A8-B57C-E8EE5A0D0A7A}.Debug|Any CPU.Build.0 = Debug|Any CPU
		{74EA3250-22CD-47A8-B57C-E8EE5A0D0A7A}.Release|Any CPU.ActiveCfg = Release|Any CPU
		{74EA3250-22CD-47A8-B57C-E8EE5A0D0A7A}.Release|Any CPU.Build.0 = Release|Any CPU
	EndGlobalSection
	GlobalSection(SolutionProperties) = preSolution
		HideSolutionNode = FALSE
	EndGlobalSection
	GlobalSection(ExtensibilityGlobals) = postSolution
		SolutionGuid = {711AAB82-0A1C-4E04-AED0-82D67B136C71}
	EndGlobalSection
EndGlobal
