
Microsoft Visual Studio Solution File, Format Version 12.00
# Visual Studio Version 17
VisualStudioVersion = 17.5.33530.505
MinimumVisualStudioVersion = 10.0.40219.1
Project("{FAE04EC0-301F-11D3-BF4B-00C04F79EFBC}") = "R52_M12_Class_06_Work_01", "R52_M12_Class_06_Work_01\R52_M12_Class_06_Work_01.csproj", "{CE6C627B-7365-44EE-BF49-7E93BA30D893}"
EndProject
Project("{FAE04EC0-301F-11D3-BF4B-00C04F79EFBC}") = "R52_M12_Class_06_Work_02", "R52_M12_Class_06_Work_02\R52_M12_Class_06_Work_02.csproj", "{D7B70AE4-55E9-491B-BF8B-1E7413FA76E6}"
EndProject
Global
	GlobalSection(SolutionConfigurationPlatforms) = preSolution
		Debug|Any CPU = Debug|Any CPU
		Release|Any CPU = Release|Any CPU
	EndGlobalSection
	GlobalSection(ProjectConfigurationPlatforms) = postSolution
		{CE6C627B-7365-44EE-BF49-7E93BA30D893}.Debug|Any CPU.ActiveCfg = Debug|Any CPU
		{CE6C627B-7365-44EE-BF49-7E93BA30D893}.Debug|Any CPU.Build.0 = Debug|Any CPU
		{CE6C627B-7365-44EE-BF49-7E93BA30D893}.Release|Any CPU.ActiveCfg = Release|Any CPU
		{CE6C627B-7365-44EE-BF49-7E93BA30D893}.Release|Any CPU.Build.0 = Release|Any CPU
		{D7B70AE4-55E9-491B-BF8B-1E7413FA76E6}.Debug|Any CPU.ActiveCfg = Debug|Any CPU
		{D7B70AE4-55E9-491B-BF8B-1E7413FA76E6}.Debug|Any CPU.Build.0 = Debug|Any CPU
		{D7B70AE4-55E9-491B-BF8B-1E7413FA76E6}.Release|Any CPU.ActiveCfg = Release|Any CPU
		{D7B70AE4-55E9-491B-BF8B-1E7413FA76E6}.Release|Any CPU.Build.0 = Release|Any CPU
	EndGlobalSection
	GlobalSection(SolutionProperties) = preSolution
		HideSolutionNode = FALSE
	EndGlobalSection
	GlobalSection(ExtensibilityGlobals) = postSolution
		SolutionGuid = {C3295E1F-DA14-492A-B0DA-A4A8D2F2B988}
	EndGlobalSection
EndGlobal
