
Microsoft Visual Studio Solution File, Format Version 12.00
# Visual Studio Version 17
VisualStudioVersion = 17.5.33530.505
MinimumVisualStudioVersion = 10.0.40219.1
Project("{FAE04EC0-301F-11D3-BF4B-00C04F79EFBC}") = "R52_M12_Class_07_Work_02", "R52_M12_Class_07_Work_02\R52_M12_Class_07_Work_02.csproj", "{612885CB-41C3-4EE2-92B8-72E7D3759B78}"
EndProject
Project("{FAE04EC0-301F-11D3-BF4B-00C04F79EFBC}") = "R52_M12_Class_07_Work_01", "R52_M12_Class_07_Work_01\R52_M12_Class_07_Work_01.csproj", "{074934B2-AC3F-4B75-8C6D-0F3C4BD081CA}"
EndProject
Global
	GlobalSection(SolutionConfigurationPlatforms) = preSolution
		Debug|Any CPU = Debug|Any CPU
		Release|Any CPU = Release|Any CPU
	EndGlobalSection
	GlobalSection(ProjectConfigurationPlatforms) = postSolution
		{612885CB-41C3-4EE2-92B8-72E7D3759B78}.Debug|Any CPU.ActiveCfg = Debug|Any CPU
		{612885CB-41C3-4EE2-92B8-72E7D3759B78}.Debug|Any CPU.Build.0 = Debug|Any CPU
		{612885CB-41C3-4EE2-92B8-72E7D3759B78}.Release|Any CPU.ActiveCfg = Release|Any CPU
		{612885CB-41C3-4EE2-92B8-72E7D3759B78}.Release|Any CPU.Build.0 = Release|Any CPU
		{074934B2-AC3F-4B75-8C6D-0F3C4BD081CA}.Debug|Any CPU.ActiveCfg = Debug|Any CPU
		{074934B2-AC3F-4B75-8C6D-0F3C4BD081CA}.Debug|Any CPU.Build.0 = Debug|Any CPU
		{074934B2-AC3F-4B75-8C6D-0F3C4BD081CA}.Release|Any CPU.ActiveCfg = Release|Any CPU
		{074934B2-AC3F-4B75-8C6D-0F3C4BD081CA}.Release|Any CPU.Build.0 = Release|Any CPU
	EndGlobalSection
	GlobalSection(SolutionProperties) = preSolution
		HideSolutionNode = FALSE
	EndGlobalSection
	GlobalSection(ExtensibilityGlobals) = postSolution
		SolutionGuid = {A291C48B-B9EF-4C62-A54E-736BCDA22C25}
	EndGlobalSection
EndGlobal
