
Microsoft Visual Studio Solution File, Format Version 12.00
# Visual Studio Version 17
VisualStudioVersion = 17.4.33213.308
MinimumVisualStudioVersion = 10.0.40219.1
Project("{FAE04EC0-301F-11D3-BF4B-00C04F79EFBC}") = "Project1", "Project1\Project1.csproj", "{D23DB286-120C-4231-9C5B-C6EA460B818A}"
EndProject
Project("{FAE04EC0-301F-11D3-BF4B-00C04F79EFBC}") = "WebApplication1", "WebApplication1\WebApplication1.csproj", "{A335EE2E-A088-4812-87DD-7FBCEEB1EB23}"
EndProject
Global
	GlobalSection(SolutionConfigurationPlatforms) = preSolution
		Debug|Any CPU = Debug|Any CPU
		Release|Any CPU = Release|Any CPU
	EndGlobalSection
	GlobalSection(ProjectConfigurationPlatforms) = postSolution
		{D23DB286-120C-4231-9C5B-C6EA460B818A}.Debug|Any CPU.ActiveCfg = Debug|Any CPU
		{D23DB286-120C-4231-9C5B-C6EA460B818A}.Debug|Any CPU.Build.0 = Debug|Any CPU
		{D23DB286-120C-4231-9C5B-C6EA460B818A}.Release|Any CPU.ActiveCfg = Release|Any CPU
		{D23DB286-120C-4231-9C5B-C6EA460B818A}.Release|Any CPU.Build.0 = Release|Any CPU
		{A335EE2E-A088-4812-87DD-7FBCEEB1EB23}.Debug|Any CPU.ActiveCfg = Debug|Any CPU
		{A335EE2E-A088-4812-87DD-7FBCEEB1EB23}.Debug|Any CPU.Build.0 = Debug|Any CPU
		{A335EE2E-A088-4812-87DD-7FBCEEB1EB23}.Release|Any CPU.ActiveCfg = Release|Any CPU
		{A335EE2E-A088-4812-87DD-7FBCEEB1EB23}.Release|Any CPU.Build.0 = Release|Any CPU
	EndGlobalSection
	GlobalSection(SolutionProperties) = preSolution
		HideSolutionNode = FALSE
	EndGlobalSection
	GlobalSection(ExtensibilityGlobals) = postSolution
		SolutionGuid = {FD88FFB6-E650-42FE-9E7F-39791A20C8B2}
	EndGlobalSection
EndGlobal
