
Microsoft Visual Studio Solution File, Format Version 12.00
# Visual Studio Version 17
VisualStudioVersion = 17.4.33213.308
MinimumVisualStudioVersion = 10.0.40219.1
Project("{FAE04EC0-301F-11D3-BF4B-00C04F79EFBC}") = "WebApplicationCoreTwo", "WebApplicationCoreTwo\WebApplicationCoreTwo.csproj", "{30572272-4486-4965-93C2-DF477FC6DB90}"
EndProject
Global
	GlobalSection(SolutionConfigurationPlatforms) = preSolution
		Debug|Any CPU = Debug|Any CPU
		Release|Any CPU = Release|Any CPU
	EndGlobalSection
	GlobalSection(ProjectConfigurationPlatforms) = postSolution
		{30572272-4486-4965-93C2-DF477FC6DB90}.Debug|Any CPU.ActiveCfg = Debug|Any CPU
		{30572272-4486-4965-93C2-DF477FC6DB90}.Debug|Any CPU.Build.0 = Debug|Any CPU
		{30572272-4486-4965-93C2-DF477FC6DB90}.Release|Any CPU.ActiveCfg = Release|Any CPU
		{30572272-4486-4965-93C2-DF477FC6DB90}.Release|Any CPU.Build.0 = Release|Any CPU
	EndGlobalSection
	GlobalSection(SolutionProperties) = preSolution
		HideSolutionNode = FALSE
	EndGlobalSection
	GlobalSection(ExtensibilityGlobals) = postSolution
		SolutionGuid = {203A6411-D747-43A4-ABD3-C7D2C03250DF}
	EndGlobalSection
EndGlobal
