
Microsoft Visual Studio Solution File, Format Version 12.00
# Visual Studio Version 17
VisualStudioVersion = 17.5.33424.131
MinimumVisualStudioVersion = 10.0.40219.1
Project("{FAE04EC0-301F-11D3-BF4B-00C04F79EFBC}") = "R52_M10_Class_01_Work_01", "R52_M10_Class_01_Work_01\R52_M10_Class_01_Work_01.csproj", "{9A39655A-2DAB-4B05-A8E3-0F646D1B4083}"
EndProject
Global
	GlobalSection(SolutionConfigurationPlatforms) = preSolution
		Debug|Any CPU = Debug|Any CPU
		Release|Any CPU = Release|Any CPU
	EndGlobalSection
	GlobalSection(ProjectConfigurationPlatforms) = postSolution
		{9A39655A-2DAB-4B05-A8E3-0F646D1B4083}.Debug|Any CPU.ActiveCfg = Debug|Any CPU
		{9A39655A-2DAB-4B05-A8E3-0F646D1B4083}.Debug|Any CPU.Build.0 = Debug|Any CPU
		{9A39655A-2DAB-4B05-A8E3-0F646D1B4083}.Release|Any CPU.ActiveCfg = Release|Any CPU
		{9A39655A-2DAB-4B05-A8E3-0F646D1B4083}.Release|Any CPU.Build.0 = Release|Any CPU
	EndGlobalSection
	GlobalSection(SolutionProperties) = preSolution
		HideSolutionNode = FALSE
	EndGlobalSection
	GlobalSection(ExtensibilityGlobals) = postSolution
		SolutionGuid = {5C4063EC-A760-438D-9137-5138A702A0BC}
	EndGlobalSection
EndGlobal
