
Microsoft Visual Studio Solution File, Format Version 12.00
# Visual Studio Version 17
VisualStudioVersion = 17.4.33205.214
MinimumVisualStudioVersion = 10.0.40219.1
Project("{FAE04EC0-301F-11D3-BF4B-00C04F79EFBC}") = "EquipmentPart_Mid_Month_Project", "EquipmentPart_Mid_Month_Project\EquipmentPart_Mid_Month_Project.csproj", "{543154AD-1F90-40BC-956D-D922C1EB1B54}"
EndProject
Global
	GlobalSection(SolutionConfigurationPlatforms) = preSolution
		Debug|Any CPU = Debug|Any CPU
		Release|Any CPU = Release|Any CPU
	EndGlobalSection
	GlobalSection(ProjectConfigurationPlatforms) = postSolution
		{543154AD-1F90-40BC-956D-D922C1EB1B54}.Debug|Any CPU.ActiveCfg = Debug|Any CPU
		{543154AD-1F90-40BC-956D-D922C1EB1B54}.Debug|Any CPU.Build.0 = Debug|Any CPU
		{543154AD-1F90-40BC-956D-D922C1EB1B54}.Release|Any CPU.ActiveCfg = Release|Any CPU
		{543154AD-1F90-40BC-956D-D922C1EB1B54}.Release|Any CPU.Build.0 = Release|Any CPU
	EndGlobalSection
	GlobalSection(SolutionProperties) = preSolution
		HideSolutionNode = FALSE
	EndGlobalSection
	GlobalSection(ExtensibilityGlobals) = postSolution
		SolutionGuid = {8265D65C-F6F2-48F8-B9C2-642B2A916177}
	EndGlobalSection
EndGlobal
